
Microsoft Visual Studio Solution File, Format Version 12.00
# Visual Studio Version 18
VisualStudioVersion = 18.1.11312.151 d18.0
MinimumVisualStudioVersion = 10.0.40219.1
Project("{FAE04EC0-301F-11D3-BF4B-00C04F79EFBC}") = "ai-operations-ui-demo", "ai-operations-ui-demo.csproj", "{05B341B9-A6F1-CBA8-1614-669076078D22}"
EndProject
Global
	GlobalSection(SolutionConfigurationPlatforms) = preSolution
		Debug|Any CPU = Debug|Any CPU
		Release|Any CPU = Release|Any CPU
	EndGlobalSection
	GlobalSection(ProjectConfigurationPlatforms) = postSolution
		{05B341B9-A6F1-CBA8-1614-669076078D22}.Debug|Any CPU.ActiveCfg = Debug|Any CPU
		{05B341B9-A6F1-CBA8-1614-669076078D22}.Debug|Any CPU.Build.0 = Debug|Any CPU
		{05B341B9-A6F1-CBA8-1614-669076078D22}.Release|Any CPU.ActiveCfg = Release|Any CPU
		{05B341B9-A6F1-CBA8-1614-669076078D22}.Release|Any CPU.Build.0 = Release|Any CPU
	EndGlobalSection
	GlobalSection(SolutionProperties) = preSolution
		HideSolutionNode = FALSE
	EndGlobalSection
	GlobalSection(ExtensibilityGlobals) = postSolution
		SolutionGuid = {C23B04A0-C0DB-47B5-9D3C-B848EDC3C7CF}
	EndGlobalSection
EndGlobal
